
Microsoft Visual Studio Solution File, Format Version 12.00
# Visual Studio Version 16
VisualStudioVersion = 16.0.30002.166
MinimumVisualStudioVersion = 10.0.40219.1
Project("{9A19103F-16F7-4668-BE54-9A1E7A4F7556}") = "Piral.Blazor.Utils", "Piral.Blazor.Utils\Piral.Blazor.Utils.csproj", "{90D35A17-8F4C-4BE0-9D2C-4E5269E21D04}"
EndProject
Project("{9A19103F-16F7-4668-BE54-9A1E7A4F7556}") = "Piral.Blazor.Core", "Piral.Blazor.Core\Piral.Blazor.Core.csproj", "{84C87783-E8AF-46A6-937E-FEE23360000B}"
EndProject
Project("{FAE04EC0-301F-11D3-BF4B-00C04F79EFBC}") = "Piral.Blazor.Template", "Piral.Blazor.Template\Piral.Blazor.Template.csproj", "{B1CBACE3-91BC-42E6-B1C0-51BA3877319C}"
EndProject
Project("{FAE04EC0-301F-11D3-BF4B-00C04F79EFBC}") = "Piral.Blazor.Tools", "Piral.Blazor.Tools\Piral.Blazor.Tools.csproj", "{7223A622-A5F6-40F2-8642-FF5850249392}"
EndProject
Global
	GlobalSection(SolutionConfigurationPlatforms) = preSolution
		Debug|Any CPU = Debug|Any CPU
		Release|Any CPU = Release|Any CPU
	EndGlobalSection
	GlobalSection(ProjectConfigurationPlatforms) = postSolution
		{90D35A17-8F4C-4BE0-9D2C-4E5269E21D04}.Debug|Any CPU.ActiveCfg = Debug|Any CPU
		{90D35A17-8F4C-4BE0-9D2C-4E5269E21D04}.Debug|Any CPU.Build.0 = Debug|Any CPU
		{90D35A17-8F4C-4BE0-9D2C-4E5269E21D04}.Release|Any CPU.ActiveCfg = Release|Any CPU
		{90D35A17-8F4C-4BE0-9D2C-4E5269E21D04}.Release|Any CPU.Build.0 = Release|Any CPU
		{84C87783-E8AF-46A6-937E-FEE23360000B}.Debug|Any CPU.ActiveCfg = Debug|Any CPU
		{84C87783-E8AF-46A6-937E-FEE23360000B}.Debug|Any CPU.Build.0 = Debug|Any CPU
		{84C87783-E8AF-46A6-937E-FEE23360000B}.Release|Any CPU.ActiveCfg = Release|Any CPU
		{84C87783-E8AF-46A6-937E-FEE23360000B}.Release|Any CPU.Build.0 = Release|Any CPU
		{B1CBACE3-91BC-42E6-B1C0-51BA3877319C}.Debug|Any CPU.ActiveCfg = Debug|Any CPU
		{B1CBACE3-91BC-42E6-B1C0-51BA3877319C}.Debug|Any CPU.Build.0 = Debug|Any CPU
		{B1CBACE3-91BC-42E6-B1C0-51BA3877319C}.Release|Any CPU.ActiveCfg = Release|Any CPU
		{B1CBACE3-91BC-42E6-B1C0-51BA3877319C}.Release|Any CPU.Build.0 = Release|Any CPU
		{7223A622-A5F6-40F2-8642-FF5850249392}.Debug|Any CPU.ActiveCfg = Debug|Any CPU
		{7223A622-A5F6-40F2-8642-FF5850249392}.Debug|Any CPU.Build.0 = Debug|Any CPU
		{7223A622-A5F6-40F2-8642-FF5850249392}.Release|Any CPU.ActiveCfg = Release|Any CPU
		{7223A622-A5F6-40F2-8642-FF5850249392}.Release|Any CPU.Build.0 = Release|Any CPU
	EndGlobalSection
	GlobalSection(SolutionProperties) = preSolution
		HideSolutionNode = FALSE
	EndGlobalSection
	GlobalSection(ExtensibilityGlobals) = postSolution
		SolutionGuid = {BF1C61F5-48EB-482A-A85E-C05C4D0E8254}
	EndGlobalSection
EndGlobal
